
Microsoft Visual Studio Solution File, Format Version 12.00
# Visual Studio Version 16
VisualStudioVersion = 16.0.35130.168
MinimumVisualStudioVersion = 10.0.40219.1
Project("{FAE04EC0-301F-11D3-BF4B-00C04F79EFBC}") = "AutodeskCost", "AutodeskCost.csproj", "{DB3B71BF-2E79-49F4-84DB-857DE47D7C0B}"
EndProject
Global
	GlobalSection(SolutionConfigurationPlatforms) = preSolution
		Debug|Any CPU = Debug|Any CPU
		Release|Any CPU = Release|Any CPU
	EndGlobalSection
	GlobalSection(ProjectConfigurationPlatforms) = postSolution
		{DB3B71BF-2E79-49F4-84DB-857DE47D7C0B}.Debug|Any CPU.ActiveCfg = Debug|Any CPU
		{DB3B71BF-2E79-49F4-84DB-857DE47D7C0B}.Debug|Any CPU.Build.0 = Debug|Any CPU
		{DB3B71BF-2E79-49F4-84DB-857DE47D7C0B}.Release|Any CPU.ActiveCfg = Release|Any CPU
		{DB3B71BF-2E79-49F4-84DB-857DE47D7C0B}.Release|Any CPU.Build.0 = Release|Any CPU
	EndGlobalSection
	GlobalSection(SolutionProperties) = preSolution
		HideSolutionNode = FALSE
	EndGlobalSection
	GlobalSection(ExtensibilityGlobals) = postSolution
		SolutionGuid = {B3A0B773-68A4-45E3-8A2C-4BB79BC3D487}
	EndGlobalSection
EndGlobal
